// !$*UTF8*$!
{
	archiveVersion = 1;
	classes = {
	};
	objectVersion = 46;
	objects = {

/* Begin PBXBuildFile section */
		76BB63E3143F828100658840 /* UIKit.framework in Frameworks */ = {isa = PBXBuildFile; fileRef = 76BB63E2143F828100658840 /* UIKit.framework */; };
		76BB63E5143F828100658840 /* Foundation.framework in Frameworks */ = {isa = PBXBuildFile; fileRef = 76BB63E4143F828100658840 /* Foundation.framework */; };
		76BB63E7143F828100658840 /* CoreGraphics.framework in Frameworks */ = {isa = PBXBuildFile; fileRef = 76BB63E6143F828100658840 /* CoreGraphics.framework */; };
		76BB63ED143F828100658840 /* InfoPlist.strings in Resources */ = {isa = PBXBuildFile; fileRef = 76BB63EB143F828100658840 /* InfoPlist.strings */; };
		76BB63EF143F828100658840 /* main.m in Sources */ = {isa = PBXBuildFile; fileRef = 76BB63EE143F828100658840 /* main.m */; };
		76BB63F3143F828100658840 /* LearnReadAppDelegate.m in Sources */ = {isa = PBXBuildFile; fileRef = 76BB63F2143F828100658840 /* LearnReadAppDelegate.m */; };
		76BB63F7143F828100658840 /* LearnReadAppDelegate_iPhone.m in Sources */ = {isa = PBXBuildFile; fileRef = 76BB63F6143F828100658840 /* LearnReadAppDelegate_iPhone.m */; };
		76BB63FA143F828100658840 /* MainWindow_iPhone.xib in Resources */ = {isa = PBXBuildFile; fileRef = 76BB63F8143F828100658840 /* MainWindow_iPhone.xib */; };
		76BB63FE143F828100658840 /* LearnReadAppDelegate_iPad.m in Sources */ = {isa = PBXBuildFile; fileRef = 76BB63FD143F828100658840 /* LearnReadAppDelegate_iPad.m */; };
		76BB6401143F828100658840 /* MainWindow_iPad.xib in Resources */ = {isa = PBXBuildFile; fileRef = 76BB63FF143F828100658840 /* MainWindow_iPad.xib */; };
		76BB640E143F83A200658840 /* SoundManager.m in Sources */ = {isa = PBXBuildFile; fileRef = 76BB640D143F83A200658840 /* SoundManager.m */; };
		76BB6412143F84F000658840 /* congratulations.wav in Resources */ = {isa = PBXBuildFile; fileRef = 76BB6410143F84F000658840 /* congratulations.wav */; };
		76BB6413143F84F000658840 /* welcome.wav in Resources */ = {isa = PBXBuildFile; fileRef = 76BB6411143F84F000658840 /* welcome.wav */; };
		76BB6415143F853000658840 /* CoreAudio.framework in Frameworks */ = {isa = PBXBuildFile; fileRef = 76BB6414143F853000658840 /* CoreAudio.framework */; };
		76BB6417143F854000658840 /* AudioToolbox.framework in Frameworks */ = {isa = PBXBuildFile; fileRef = 76BB6416143F854000658840 /* AudioToolbox.framework */; };
		76BB641F143F872100658840 /* LearningViewController.m in Sources */ = {isa = PBXBuildFile; fileRef = 76BB641D143F872100658840 /* LearningViewController.m */; };
		76BB6420143F872100658840 /* LearningViewController.xib in Resources */ = {isa = PBXBuildFile; fileRef = 76BB641E143F872100658840 /* LearningViewController.xib */; };
		76BB6425143F874500658840 /* iPadLearningViewController.xib in Resources */ = {isa = PBXBuildFile; fileRef = 76BB6423143F874500658840 /* iPadLearningViewController.xib */; };
		76BB642C143F91AD00658840 /* PlayInternetSound.m in Sources */ = {isa = PBXBuildFile; fileRef = 76BB642B143F91AD00658840 /* PlayInternetSound.m */; };
		76BB642F143F92DE00658840 /* wordList.m in Sources */ = {isa = PBXBuildFile; fileRef = 76BB642E143F92DE00658840 /* wordList.m */; };
		76BB6432143F953B00658840 /* AudioStreamer.m in Sources */ = {isa = PBXBuildFile; fileRef = 76BB6431143F953B00658840 /* AudioStreamer.m */; };
		76BB6439143FD0EE00658840 /* PSStoreButton.m in Sources */ = {isa = PBXBuildFile; fileRef = 76BB6438143FD0EE00658840 /* PSStoreButton.m */; };
		76BB643F143FD35800658840 /* QuartzCore.framework in Frameworks */ = {isa = PBXBuildFile; fileRef = 76BB643E143FD35800658840 /* QuartzCore.framework */; };
		76BB6441143FD37500658840 /* CFNetwork.framework in Frameworks */ = {isa = PBXBuildFile; fileRef = 76BB6440143FD37500658840 /* CFNetwork.framework */; };
		76BB6443143FD3C200658840 /* AVFoundation.framework in Frameworks */ = {isa = PBXBuildFile; fileRef = 76BB6442143FD3C200658840 /* AVFoundation.framework */; };
		76BB64531440069200658840 /* iAd.framework in Frameworks */ = {isa = PBXBuildFile; fileRef = 76BB64521440069100658840 /* iAd.framework */; };
/* End PBXBuildFile section */

/* Begin PBXFileReference section */
		76BB63DE143F828100658840 /* LearnRead.app */ = {isa = PBXFileReference; explicitFileType = wrapper.application; includeInIndex = 0; path = LearnRead.app; sourceTree = BUILT_PRODUCTS_DIR; };
		76BB63E2143F828100658840 /* UIKit.framework */ = {isa = PBXFileReference; lastKnownFileType = wrapper.framework; name = UIKit.framework; path = System/Library/Frameworks/UIKit.framework; sourceTree = SDKROOT; };
		76BB63E4143F828100658840 /* Foundation.framework */ = {isa = PBXFileReference; lastKnownFileType = wrapper.framework; name = Foundation.framework; path = System/Library/Frameworks/Foundation.framework; sourceTree = SDKROOT; };
		76BB63E6143F828100658840 /* CoreGraphics.framework */ = {isa = PBXFileReference; lastKnownFileType = wrapper.framework; name = CoreGraphics.framework; path = System/Library/Frameworks/CoreGraphics.framework; sourceTree = SDKROOT; };
		76BB63EA143F828100658840 /* LearnRead-Info.plist */ = {isa = PBXFileReference; lastKnownFileType = text.plist.xml; path = "LearnRead-Info.plist"; sourceTree = "<group>"; };
		76BB63EC143F828100658840 /* en */ = {isa = PBXFileReference; lastKnownFileType = text.plist.strings; name = en; path = en.lproj/InfoPlist.strings; sourceTree = "<group>"; };
		76BB63EE143F828100658840 /* main.m */ = {isa = PBXFileReference; lastKnownFileType = sourcecode.c.objc; path = main.m; sourceTree = "<group>"; };
		76BB63F0143F828100658840 /* LearnRead-Prefix.pch */ = {isa = PBXFileReference; lastKnownFileType = sourcecode.c.h; path = "LearnRead-Prefix.pch"; sourceTree = "<group>"; };
		76BB63F1143F828100658840 /* LearnReadAppDelegate.h */ = {isa = PBXFileReference; lastKnownFileType = sourcecode.c.h; path = LearnReadAppDelegate.h; sourceTree = "<group>"; };
		76BB63F2143F828100658840 /* LearnReadAppDelegate.m */ = {isa = PBXFileReference; lastKnownFileType = sourcecode.c.objc; path = LearnReadAppDelegate.m; sourceTree = "<group>"; };
		76BB63F5143F828100658840 /* LearnReadAppDelegate_iPhone.h */ = {isa = PBXFileReference; lastKnownFileType = sourcecode.c.h; name = LearnReadAppDelegate_iPhone.h; path = iPhone/LearnReadAppDelegate_iPhone.h; sourceTree = "<group>"; };
		76BB63F6143F828100658840 /* LearnReadAppDelegate_iPhone.m */ = {isa = PBXFileReference; lastKnownFileType = sourcecode.c.objc; name = LearnReadAppDelegate_iPhone.m; path = iPhone/LearnReadAppDelegate_iPhone.m; sourceTree = "<group>"; };
		76BB63F9143F828100658840 /* en */ = {isa = PBXFileReference; lastKnownFileType = file.xib; name = en; path = iPhone/en.lproj/MainWindow_iPhone.xib; sourceTree = "<group>"; };
		76BB63FC143F828100658840 /* LearnReadAppDelegate_iPad.h */ = {isa = PBXFileReference; lastKnownFileType = sourcecode.c.h; name = LearnReadAppDelegate_iPad.h; path = iPad/LearnReadAppDelegate_iPad.h; sourceTree = "<group>"; };
		76BB63FD143F828100658840 /* LearnReadAppDelegate_iPad.m */ = {isa = PBXFileReference; lastKnownFileType = sourcecode.c.objc; name = LearnReadAppDelegate_iPad.m; path = iPad/LearnReadAppDelegate_iPad.m; sourceTree = "<group>"; };
		76BB6400143F828100658840 /* en */ = {isa = PBXFileReference; lastKnownFileType = file.xib; name = en; path = iPad/en.lproj/MainWindow_iPad.xib; sourceTree = "<group>"; };
		76BB640C143F83A200658840 /* SoundManager.h */ = {isa = PBXFileReference; fileEncoding = 4; lastKnownFileType = sourcecode.c.h; name = SoundManager.h; path = "../../Geography Tutor/Shared/SoundManager.h"; sourceTree = "<group>"; };
		76BB640D143F83A200658840 /* SoundManager.m */ = {isa = PBXFileReference; fileEncoding = 4; lastKnownFileType = sourcecode.c.objc; name = SoundManager.m; path = "../../Geography Tutor/Shared/SoundManager.m"; sourceTree = "<group>"; };
		76BB6410143F84F000658840 /* congratulations.wav */ = {isa = PBXFileReference; lastKnownFileType = audio.wav; name = congratulations.wav; path = Resources/congratulations.wav; sourceTree = "<group>"; };
		76BB6411143F84F000658840 /* welcome.wav */ = {isa = PBXFileReference; lastKnownFileType = audio.wav; name = welcome.wav; path = Resources/welcome.wav; sourceTree = "<group>"; };
		76BB6414143F853000658840 /* CoreAudio.framework */ = {isa = PBXFileReference; lastKnownFileType = wrapper.framework; name = CoreAudio.framework; path = System/Library/Frameworks/CoreAudio.framework; sourceTree = SDKROOT; };
		76BB6416143F854000658840 /* AudioToolbox.framework */ = {isa = PBXFileReference; lastKnownFileType = wrapper.framework; name = AudioToolbox.framework; path = System/Library/Frameworks/AudioToolbox.framework; sourceTree = SDKROOT; };
		76BB6418143F854400658840 /* AudioUnit.framework */ = {isa = PBXFileReference; lastKnownFileType = wrapper.framework; name = AudioUnit.framework; path = System/Library/Frameworks/AudioUnit.framework; sourceTree = SDKROOT; };
		76BB641C143F872100658840 /* LearningViewController.h */ = {isa = PBXFileReference; fileEncoding = 4; lastKnownFileType = sourcecode.c.h; path = LearningViewController.h; sourceTree = "<group>"; };
		76BB641D143F872100658840 /* LearningViewController.m */ = {isa = PBXFileReference; fileEncoding = 4; lastKnownFileType = sourcecode.c.objc; path = LearningViewController.m; sourceTree = "<group>"; };
		76BB641E143F872100658840 /* LearningViewController.xib */ = {isa = PBXFileReference; fileEncoding = 4; lastKnownFileType = file.xib; path = LearningViewController.xib; sourceTree = "<group>"; };
		76BB6423143F874500658840 /* iPadLearningViewController.xib */ = {isa = PBXFileReference; fileEncoding = 4; lastKnownFileType = file.xib; path = iPadLearningViewController.xib; sourceTree = "<group>"; };
		76BB642A143F91AD00658840 /* PlayInternetSound.h */ = {isa = PBXFileReference; fileEncoding = 4; lastKnownFileType = sourcecode.c.h; name = PlayInternetSound.h; path = ../../SpellingBee/SpellingBee/PlayInternetSound.h; sourceTree = "<group>"; };
		76BB642B143F91AD00658840 /* PlayInternetSound.m */ = {isa = PBXFileReference; fileEncoding = 4; lastKnownFileType = sourcecode.c.objc; name = PlayInternetSound.m; path = ../../SpellingBee/SpellingBee/PlayInternetSound.m; sourceTree = "<group>"; };
		76BB642D143F92DE00658840 /* wordList.h */ = {isa = PBXFileReference; fileEncoding = 4; lastKnownFileType = sourcecode.c.h; path = wordList.h; sourceTree = "<group>"; };
		76BB642E143F92DE00658840 /* wordList.m */ = {isa = PBXFileReference; fileEncoding = 4; lastKnownFileType = sourcecode.c.objc; path = wordList.m; sourceTree = "<group>"; };
		76BB6430143F953B00658840 /* AudioStreamer.h */ = {isa = PBXFileReference; fileEncoding = 4; lastKnownFileType = sourcecode.c.h; path = AudioStreamer.h; sourceTree = "<group>"; };
		76BB6431143F953B00658840 /* AudioStreamer.m */ = {isa = PBXFileReference; fileEncoding = 4; lastKnownFileType = sourcecode.c.objc; path = AudioStreamer.m; sourceTree = "<group>"; };
		76BB6437143FD0EE00658840 /* PSStoreButton.h */ = {isa = PBXFileReference; fileEncoding = 4; lastKnownFileType = sourcecode.c.h; path = PSStoreButton.h; sourceTree = "<group>"; };
		76BB6438143FD0EE00658840 /* PSStoreButton.m */ = {isa = PBXFileReference; fileEncoding = 4; lastKnownFileType = sourcecode.c.objc; path = PSStoreButton.m; sourceTree = "<group>"; };
		76BB643A143FD30700658840 /* AVFoundation.framework */ = {isa = PBXFileReference; lastKnownFileType = wrapper.framework; name = AVFoundation.framework; path = System/Library/Frameworks/AVFoundation.framework; sourceTree = SDKROOT; };
		76BB643C143FD32700658840 /* MediaPlayer.framework */ = {isa = PBXFileReference; lastKnownFileType = wrapper.framework; name = MediaPlayer.framework; path = System/Library/Frameworks/MediaPlayer.framework; sourceTree = SDKROOT; };
		76BB643E143FD35800658840 /* QuartzCore.framework */ = {isa = PBXFileReference; lastKnownFileType = wrapper.framework; name = QuartzCore.framework; path = System/Library/Frameworks/QuartzCore.framework; sourceTree = SDKROOT; };
		76BB6440143FD37500658840 /* CFNetwork.framework */ = {isa = PBXFileReference; lastKnownFileType = wrapper.framework; name = CFNetwork.framework; path = System/Library/Frameworks/CFNetwork.framework; sourceTree = SDKROOT; };
		76BB6442143FD3C200658840 /* AVFoundation.framework */ = {isa = PBXFileReference; lastKnownFileType = wrapper.framework; name = AVFoundation.framework; path = System/Library/Frameworks/AVFoundation.framework; sourceTree = SDKROOT; };
		76BB64501440067F00658840 /* ImageIO.framework */ = {isa = PBXFileReference; lastKnownFileType = wrapper.framework; name = ImageIO.framework; path = System/Library/Frameworks/ImageIO.framework; sourceTree = SDKROOT; };
		76BB64521440069100658840 /* iAd.framework */ = {isa = PBXFileReference; lastKnownFileType = wrapper.framework; name = iAd.framework; path = System/Library/Frameworks/iAd.framework; sourceTree = SDKROOT; };
/* End PBXFileReference section */

/* Begin PBXFrameworksBuildPhase section */
		76BB63DB143F828100658840 /* Frameworks */ = {
			isa = PBXFrameworksBuildPhase;
			buildActionMask = 2147483647;
			files = (
				76BB64531440069200658840 /* iAd.framework in Frameworks */,
				76BB6443143FD3C200658840 /* AVFoundation.framework in Frameworks */,
				76BB6441143FD37500658840 /* CFNetwork.framework in Frameworks */,
				76BB643F143FD35800658840 /* QuartzCore.framework in Frameworks */,
				76BB6417143F854000658840 /* AudioToolbox.framework in Frameworks */,
				76BB6415143F853000658840 /* CoreAudio.framework in Frameworks */,
				76BB63E3143F828100658840 /* UIKit.framework in Frameworks */,
				76BB63E5143F828100658840 /* Foundation.framework in Frameworks */,
				76BB63E7143F828100658840 /* CoreGraphics.framework in Frameworks */,
			);
			runOnlyForDeploymentPostprocessing = 0;
		};
/* End PBXFrameworksBuildPhase section */

/* Begin PBXGroup section */
		76BB63D3143F828100658840 = {
			isa = PBXGroup;
			children = (
				76BB64521440069100658840 /* iAd.framework */,
				76BB64501440067F00658840 /* ImageIO.framework */,
				76BB6442143FD3C200658840 /* AVFoundation.framework */,
				76BB6440143FD37500658840 /* CFNetwork.framework */,
				76BB643E143FD35800658840 /* QuartzCore.framework */,
				76BB643C143FD32700658840 /* MediaPlayer.framework */,
				76BB643A143FD30700658840 /* AVFoundation.framework */,
				76BB6418143F854400658840 /* AudioUnit.framework */,
				76BB6416143F854000658840 /* AudioToolbox.framework */,
				76BB6414143F853000658840 /* CoreAudio.framework */,
				76BB63E8143F828100658840 /* LearnRead */,
				76BB63E1143F828100658840 /* Frameworks */,
				76BB63DF143F828100658840 /* Products */,
			);
			sourceTree = "<group>";
		};
		76BB63DF143F828100658840 /* Products */ = {
			isa = PBXGroup;
			children = (
				76BB63DE143F828100658840 /* LearnRead.app */,
			);
			name = Products;
			sourceTree = "<group>";
		};
		76BB63E1143F828100658840 /* Frameworks */ = {
			isa = PBXGroup;
			children = (
				76BB63E2143F828100658840 /* UIKit.framework */,
				76BB63E4143F828100658840 /* Foundation.framework */,
				76BB63E6143F828100658840 /* CoreGraphics.framework */,
			);
			name = Frameworks;
			sourceTree = "<group>";
		};
		76BB63E8143F828100658840 /* LearnRead */ = {
			isa = PBXGroup;
			children = (
				76BB640F143F845B00658840 /* Resources */,
				76BB640B143F833E00658840 /* Shared */,
				76BB63F1143F828100658840 /* LearnReadAppDelegate.h */,
				76BB63F2143F828100658840 /* LearnReadAppDelegate.m */,
				76BB63F4143F828100658840 /* iPhone */,
				76BB63FB143F828100658840 /* iPad */,
				76BB63E9143F828100658840 /* Supporting Files */,
			);
			path = LearnRead;
			sourceTree = "<group>";
		};
		76BB63E9143F828100658840 /* Supporting Files */ = {
			isa = PBXGroup;
			children = (
				76BB63EA143F828100658840 /* LearnRead-Info.plist */,
				76BB63EB143F828100658840 /* InfoPlist.strings */,
				76BB63EE143F828100658840 /* main.m */,
				76BB63F0143F828100658840 /* LearnRead-Prefix.pch */,
			);
			name = "Supporting Files";
			sourceTree = "<group>";
		};
		76BB63F4143F828100658840 /* iPhone */ = {
			isa = PBXGroup;
			children = (
				76BB641E143F872100658840 /* LearningViewController.xib */,
				76BB63F5143F828100658840 /* LearnReadAppDelegate_iPhone.h */,
				76BB63F6143F828100658840 /* LearnReadAppDelegate_iPhone.m */,
				76BB63F8143F828100658840 /* MainWindow_iPhone.xib */,
			);
			name = iPhone;
			sourceTree = "<group>";
		};
		76BB63FB143F828100658840 /* iPad */ = {
			isa = PBXGroup;
			children = (
				76BB6423143F874500658840 /* iPadLearningViewController.xib */,
				76BB63FC143F828100658840 /* LearnReadAppDelegate_iPad.h */,
				76BB63FD143F828100658840 /* LearnReadAppDelegate_iPad.m */,
				76BB63FF143F828100658840 /* MainWindow_iPad.xib */,
			);
			name = iPad;
			sourceTree = "<group>";
		};
		76BB640B143F833E00658840 /* Shared */ = {
			isa = PBXGroup;
			children = (
				76BB6437143FD0EE00658840 /* PSStoreButton.h */,
				76BB6438143FD0EE00658840 /* PSStoreButton.m */,
				76BB6430143F953B00658840 /* AudioStreamer.h */,
				76BB6431143F953B00658840 /* AudioStreamer.m */,
				76BB642D143F92DE00658840 /* wordList.h */,
				76BB642E143F92DE00658840 /* wordList.m */,
				76BB642A143F91AD00658840 /* PlayInternetSound.h */,
				76BB642B143F91AD00658840 /* PlayInternetSound.m */,
				76BB640C143F83A200658840 /* SoundManager.h */,
				76BB640D143F83A200658840 /* SoundManager.m */,
				76BB641C143F872100658840 /* LearningViewController.h */,
				76BB641D143F872100658840 /* LearningViewController.m */,
			);
			name = Shared;
			sourceTree = "<group>";
		};
		76BB640F143F845B00658840 /* Resources */ = {
			isa = PBXGroup;
			children = (
				76BB6410143F84F000658840 /* congratulations.wav */,
				76BB6411143F84F000658840 /* welcome.wav */,
			);
			name = Resources;
			sourceTree = "<group>";
		};
/* End PBXGroup section */

/* Begin PBXNativeTarget section */
		76BB63DD143F828100658840 /* LearnRead */ = {
			isa = PBXNativeTarget;
			buildConfigurationList = 76BB6404143F828100658840 /* Build configuration list for PBXNativeTarget "LearnRead" */;
			buildPhases = (
				76BB63DA143F828100658840 /* Sources */,
				76BB63DB143F828100658840 /* Frameworks */,
				76BB63DC143F828100658840 /* Resources */,
			);
			buildRules = (
			);
			dependencies = (
			);
			name = LearnRead;
			productName = LearnRead;
			productReference = 76BB63DE143F828100658840 /* LearnRead.app */;
			productType = "com.apple.product-type.application";
		};
/* End PBXNativeTarget section */

/* Begin PBXProject section */
		76BB63D5143F828100658840 /* Project object */ = {
			isa = PBXProject;
			attributes = {
				ORGANIZATIONNAME = Al;
			};
			buildConfigurationList = 76BB63D8143F828100658840 /* Build configuration list for PBXProject "LearnRead" */;
			compatibilityVersion = "Xcode 3.2";
			developmentRegion = English;
			hasScannedForEncodings = 0;
			knownRegions = (
				en,
			);
			mainGroup = 76BB63D3143F828100658840;
			productRefGroup = 76BB63DF143F828100658840 /* Products */;
			projectDirPath = "";
			projectRoot = "";
			targets = (
				76BB63DD143F828100658840 /* LearnRead */,
			);
		};
/* End PBXProject section */

/* Begin PBXResourcesBuildPhase section */
		76BB63DC143F828100658840 /* Resources */ = {
			isa = PBXResourcesBuildPhase;
			buildActionMask = 2147483647;
			files = (
				76BB63ED143F828100658840 /* InfoPlist.strings in Resources */,
				76BB63FA143F828100658840 /* MainWindow_iPhone.xib in Resources */,
				76BB6401143F828100658840 /* MainWindow_iPad.xib in Resources */,
				76BB6412143F84F000658840 /* congratulations.wav in Resources */,
				76BB6413143F84F000658840 /* welcome.wav in Resources */,
				76BB6420143F872100658840 /* LearningViewController.xib in Resources */,
				76BB6425143F874500658840 /* iPadLearningViewController.xib in Resources */,
			);
			runOnlyForDeploymentPostprocessing = 0;
		};
/* End PBXResourcesBuildPhase section */

/* Begin PBXSourcesBuildPhase section */
		76BB63DA143F828100658840 /* Sources */ = {
			isa = PBXSourcesBuildPhase;
			buildActionMask = 2147483647;
			files = (
				76BB63EF143F828100658840 /* main.m in Sources */,
				76BB63F3143F828100658840 /* LearnReadAppDelegate.m in Sources */,
				76BB63F7143F828100658840 /* LearnReadAppDelegate_iPhone.m in Sources */,
				76BB63FE143F828100658840 /* LearnReadAppDelegate_iPad.m in Sources */,
				76BB640E143F83A200658840 /* SoundManager.m in Sources */,
				76BB641F143F872100658840 /* LearningViewController.m in Sources */,
				76BB642C143F91AD00658840 /* PlayInternetSound.m in Sources */,
				76BB642F143F92DE00658840 /* wordList.m in Sources */,
				76BB6432143F953B00658840 /* AudioStreamer.m in Sources */,
				76BB6439143FD0EE00658840 /* PSStoreButton.m in Sources */,
			);
			runOnlyForDeploymentPostprocessing = 0;
		};
/* End PBXSourcesBuildPhase section */

/* Begin PBXVariantGroup section */
		76BB63EB143F828100658840 /* InfoPlist.strings */ = {
			isa = PBXVariantGroup;
			children = (
				76BB63EC143F828100658840 /* en */,
			);
			name = InfoPlist.strings;
			sourceTree = "<group>";
		};
		76BB63F8143F828100658840 /* MainWindow_iPhone.xib */ = {
			isa = PBXVariantGroup;
			children = (
				76BB63F9143F828100658840 /* en */,
			);
			name = MainWindow_iPhone.xib;
			sourceTree = "<group>";
		};
		76BB63FF143F828100658840 /* MainWindow_iPad.xib */ = {
			isa = PBXVariantGroup;
			children = (
				76BB6400143F828100658840 /* en */,
			);
			name = MainWindow_iPad.xib;
			sourceTree = "<group>";
		};
/* End PBXVariantGroup section */

/* Begin XCBuildConfiguration section */
		76BB6402143F828100658840 /* Debug */ = {
			isa = XCBuildConfiguration;
			buildSettings = {
				ALWAYS_SEARCH_USER_PATHS = NO;
				ARCHS = "$(ARCHS_STANDARD_32_BIT)";
				"CODE_SIGN_IDENTITY[sdk=iphoneos*]" = "iPhone Developer";
				COPY_PHASE_STRIP = NO;
				GCC_C_LANGUAGE_STANDARD = gnu99;
				GCC_DYNAMIC_NO_PIC = NO;
				GCC_OPTIMIZATION_LEVEL = 0;
				GCC_PREPROCESSOR_DEFINITIONS = (
					"DEBUG=1",
					"$(inherited)",
				);
				GCC_SYMBOLS_PRIVATE_EXTERN = NO;
				GCC_VERSION = com.apple.compilers.llvmgcc42;
				GCC_WARN_ABOUT_MISSING_PROTOTYPES = YES;
				GCC_WARN_ABOUT_RETURN_TYPE = YES;
				GCC_WARN_UNUSED_VARIABLE = YES;
				IPHONEOS_DEPLOYMENT_TARGET = 3.2.2;
				SDKROOT = iphoneos;
				TARGETED_DEVICE_FAMILY = "1,2";
			};
			name = Debug;
		};
		76BB6403143F828100658840 /* Release */ = {
			isa = XCBuildConfiguration;
			buildSettings = {
				ALWAYS_SEARCH_USER_PATHS = NO;
				ARCHS = "$(ARCHS_STANDARD_32_BIT)";
				"CODE_SIGN_IDENTITY[sdk=iphoneos*]" = "iPhone Developer";
				COPY_PHASE_STRIP = YES;
				GCC_C_LANGUAGE_STANDARD = gnu99;
				GCC_VERSION = com.apple.compilers.llvmgcc42;
				GCC_WARN_ABOUT_MISSING_PROTOTYPES = YES;
				GCC_WARN_ABOUT_RETURN_TYPE = YES;
				GCC_WARN_UNUSED_VARIABLE = YES;
				IPHONEOS_DEPLOYMENT_TARGET = 3.2.2;
				OTHER_CFLAGS = "-DNS_BLOCK_ASSERTIONS=1";
				SDKROOT = iphoneos;
				TARGETED_DEVICE_FAMILY = "1,2";
				VALIDATE_PRODUCT = YES;
			};
			name = Release;
		};
		76BB6405143F828100658840 /* Debug */ = {
			isa = XCBuildConfiguration;
			buildSettings = {
				GCC_PRECOMPILE_PREFIX_HEADER = YES;
				GCC_PREFIX_HEADER = "LearnRead/LearnRead-Prefix.pch";
				INFOPLIST_FILE = "LearnRead/LearnRead-Info.plist";
				PRODUCT_NAME = "$(TARGET_NAME)";
				WRAPPER_EXTENSION = app;
			};
			name = Debug;
		};
		76BB6406143F828100658840 /* Release */ = {
			isa = XCBuildConfiguration;
			buildSettings = {
				GCC_PRECOMPILE_PREFIX_HEADER = YES;
				GCC_PREFIX_HEADER = "LearnRead/LearnRead-Prefix.pch";
				INFOPLIST_FILE = "LearnRead/LearnRead-Info.plist";
				PRODUCT_NAME = "$(TARGET_NAME)";
				WRAPPER_EXTENSION = app;
			};
			name = Release;
		};
		76BB641A143F856E00658840 /* Distribution */ = {
			isa = XCBuildConfiguration;
			buildSettings = {
				ALWAYS_SEARCH_USER_PATHS = NO;
				ARCHS = "$(ARCHS_STANDARD_32_BIT)";
				"CODE_SIGN_IDENTITY[sdk=iphoneos*]" = "iPhone Developer";
				COPY_PHASE_STRIP = YES;
				GCC_C_LANGUAGE_STANDARD = gnu99;
				GCC_VERSION = com.apple.compilers.llvmgcc42;
				GCC_WARN_ABOUT_MISSING_PROTOTYPES = YES;
				GCC_WARN_ABOUT_RETURN_TYPE = YES;
				GCC_WARN_UNUSED_VARIABLE = YES;
				IPHONEOS_DEPLOYMENT_TARGET = 3.2.2;
				OTHER_CFLAGS = "-DNS_BLOCK_ASSERTIONS=1";
				SDKROOT = iphoneos;
				TARGETED_DEVICE_FAMILY = "1,2";
				VALIDATE_PRODUCT = YES;
			};
			name = Distribution;
		};
		76BB641B143F856E00658840 /* Distribution */ = {
			isa = XCBuildConfiguration;
			buildSettings = {
				"CODE_SIGN_IDENTITY[sdk=iphoneos*]" = "iPhone Distribution";
				GCC_PRECOMPILE_PREFIX_HEADER = YES;
				GCC_PREFIX_HEADER = "LearnRead/LearnRead-Prefix.pch";
				INFOPLIST_FILE = "LearnRead/LearnRead-Info.plist";
				PRODUCT_NAME = "$(TARGET_NAME)";
				"PROVISIONING_PROFILE[sdk=iphoneos*]" = "";
				WRAPPER_EXTENSION = app;
			};
			name = Distribution;
		};
/* End XCBuildConfiguration section */

/* Begin XCConfigurationList section */
		76BB63D8143F828100658840 /* Build configuration list for PBXProject "LearnRead" */ = {
			isa = XCConfigurationList;
			buildConfigurations = (
				76BB6402143F828100658840 /* Debug */,
				76BB6403143F828100658840 /* Release */,
				76BB641A143F856E00658840 /* Distribution */,
			);
			defaultConfigurationIsVisible = 0;
			defaultConfigurationName = Release;
		};
		76BB6404143F828100658840 /* Build configuration list for PBXNativeTarget "LearnRead" */ = {
			isa = XCConfigurationList;
			buildConfigurations = (
				76BB6405143F828100658840 /* Debug */,
				76BB6406143F828100658840 /* Release */,
				76BB641B143F856E00658840 /* Distribution */,
			);
			defaultConfigurationIsVisible = 0;
		};
/* End XCConfigurationList section */
	};
	rootObject = 76BB63D5143F828100658840 /* Project object */;
}
